// !$*UTF8*$!
{
	archiveVersion = 1;
	classes = {
	};
	objectVersion = 46;
	objects = {

/* Begin PBXBuildFile section */
		4C45CA8A1D3A9A7F0030A41D /* AppDelegate.swift in Sources */ = {isa = PBXBuildFile; fileRef = 4C45CA891D3A9A7F0030A41D /* AppDelegate.swift */; };
		4C45CA8F1D3A9A7F0030A41D /* Main.storyboard in Resources */ = {isa = PBXBuildFile; fileRef = 4C45CA8D1D3A9A7F0030A41D /* Main.storyboard */; };
		4C45CA921D3A9A7F0030A41D /* swift_captain_morgans_relationships_lab.xcdatamodeld in Sources */ = {isa = PBXBuildFile; fileRef = 4C45CA901D3A9A7F0030A41D /* swift_captain_morgans_relationships_lab.xcdatamodeld */; };
		4C45CA941D3A9A7F0030A41D /* Assets.xcassets in Resources */ = {isa = PBXBuildFile; fileRef = 4C45CA931D3A9A7F0030A41D /* Assets.xcassets */; };
		4C45CA971D3A9A7F0030A41D /* LaunchScreen.storyboard in Resources */ = {isa = PBXBuildFile; fileRef = 4C45CA951D3A9A7F0030A41D /* LaunchScreen.storyboard */; };
		A7CEC6B01D46515600CC1CA7 /* PiratesTableViewController.swift in Sources */ = {isa = PBXBuildFile; fileRef = A7CEC6AF1D46515600CC1CA7 /* PiratesTableViewController.swift */; };
		A7CEC6B21D46516A00CC1CA7 /* ShipsTableViewController.swift in Sources */ = {isa = PBXBuildFile; fileRef = A7CEC6B11D46516A00CC1CA7 /* ShipsTableViewController.swift */; };
		A7CEC6B41D46518500CC1CA7 /* ShipDetailViewController.swift in Sources */ = {isa = PBXBuildFile; fileRef = A7CEC6B31D46518500CC1CA7 /* ShipDetailViewController.swift */; };
		A7CEC6B61D4654E800CC1CA7 /* DataStore.swift in Sources */ = {isa = PBXBuildFile; fileRef = A7CEC6B51D4654E800CC1CA7 /* DataStore.swift */; };
		A7CEC6BD1D4658DB00CC1CA7 /* Pirate+CoreDataProperties.swift in Sources */ = {isa = PBXBuildFile; fileRef = A7CEC6B71D4658DA00CC1CA7 /* Pirate+CoreDataProperties.swift */; };
		A7CEC6BE1D4658DB00CC1CA7 /* Pirate.swift in Sources */ = {isa = PBXBuildFile; fileRef = A7CEC6B81D4658DA00CC1CA7 /* Pirate.swift */; };
		A7CEC6BF1D4658DB00CC1CA7 /* Engine+CoreDataProperties.swift in Sources */ = {isa = PBXBuildFile; fileRef = A7CEC6B91D4658DA00CC1CA7 /* Engine+CoreDataProperties.swift */; };
		A7CEC6C01D4658DB00CC1CA7 /* Engine.swift in Sources */ = {isa = PBXBuildFile; fileRef = A7CEC6BA1D4658DA00CC1CA7 /* Engine.swift */; };
		A7CEC6C11D4658DB00CC1CA7 /* Ship+CoreDataProperties.swift in Sources */ = {isa = PBXBuildFile; fileRef = A7CEC6BB1D4658DA00CC1CA7 /* Ship+CoreDataProperties.swift */; };
		A7CEC6C21D4658DB00CC1CA7 /* Ship.swift in Sources */ = {isa = PBXBuildFile; fileRef = A7CEC6BC1D4658DB00CC1CA7 /* Ship.swift */; };
/* End PBXBuildFile section */

/* Begin PBXFileReference section */
		4C45CA861D3A9A7F0030A41D /* swift-captain-morgans-relationships-lab.app */ = {isa = PBXFileReference; explicitFileType = wrapper.application; includeInIndex = 0; path = "swift-captain-morgans-relationships-lab.app"; sourceTree = BUILT_PRODUCTS_DIR; };
		4C45CA891D3A9A7F0030A41D /* AppDelegate.swift */ = {isa = PBXFileReference; lastKnownFileType = sourcecode.swift; path = AppDelegate.swift; sourceTree = "<group>"; };
		4C45CA8E1D3A9A7F0030A41D /* Base */ = {isa = PBXFileReference; lastKnownFileType = file.storyboard; name = Base; path = Base.lproj/Main.storyboard; sourceTree = "<group>"; };
		4C45CA911D3A9A7F0030A41D /* swift_captain_morgans_relationships_lab.xcdatamodel */ = {isa = PBXFileReference; lastKnownFileType = wrapper.xcdatamodel; path = swift_captain_morgans_relationships_lab.xcdatamodel; sourceTree = "<group>"; };
		4C45CA931D3A9A7F0030A41D /* Assets.xcassets */ = {isa = PBXFileReference; lastKnownFileType = folder.assetcatalog; path = Assets.xcassets; sourceTree = "<group>"; };
		4C45CA961D3A9A7F0030A41D /* Base */ = {isa = PBXFileReference; lastKnownFileType = file.storyboard; name = Base; path = Base.lproj/LaunchScreen.storyboard; sourceTree = "<group>"; };
		4C45CA981D3A9A7F0030A41D /* Info.plist */ = {isa = PBXFileReference; lastKnownFileType = text.plist.xml; path = Info.plist; sourceTree = "<group>"; };
		A7CEC6AF1D46515600CC1CA7 /* PiratesTableViewController.swift */ = {isa = PBXFileReference; fileEncoding = 4; lastKnownFileType = sourcecode.swift; path = PiratesTableViewController.swift; sourceTree = "<group>"; };
		A7CEC6B11D46516A00CC1CA7 /* ShipsTableViewController.swift */ = {isa = PBXFileReference; fileEncoding = 4; lastKnownFileType = sourcecode.swift; path = ShipsTableViewController.swift; sourceTree = "<group>"; };
		A7CEC6B31D46518500CC1CA7 /* ShipDetailViewController.swift */ = {isa = PBXFileReference; fileEncoding = 4; lastKnownFileType = sourcecode.swift; path = ShipDetailViewController.swift; sourceTree = "<group>"; };
		A7CEC6B51D4654E800CC1CA7 /* DataStore.swift */ = {isa = PBXFileReference; fileEncoding = 4; lastKnownFileType = sourcecode.swift; path = DataStore.swift; sourceTree = "<group>"; };
		A7CEC6B71D4658DA00CC1CA7 /* Pirate+CoreDataProperties.swift */ = {isa = PBXFileReference; fileEncoding = 4; lastKnownFileType = sourcecode.swift; name = "Pirate+CoreDataProperties.swift"; path = "../Pirate+CoreDataProperties.swift"; sourceTree = "<group>"; };
		A7CEC6B81D4658DA00CC1CA7 /* Pirate.swift */ = {isa = PBXFileReference; fileEncoding = 4; lastKnownFileType = sourcecode.swift; name = Pirate.swift; path = ../Pirate.swift; sourceTree = "<group>"; };
		A7CEC6B91D4658DA00CC1CA7 /* Engine+CoreDataProperties.swift */ = {isa = PBXFileReference; fileEncoding = 4; lastKnownFileType = sourcecode.swift; name = "Engine+CoreDataProperties.swift"; path = "../Engine+CoreDataProperties.swift"; sourceTree = "<group>"; };
		A7CEC6BA1D4658DA00CC1CA7 /* Engine.swift */ = {isa = PBXFileReference; fileEncoding = 4; lastKnownFileType = sourcecode.swift; name = Engine.swift; path = ../Engine.swift; sourceTree = "<group>"; };
		A7CEC6BB1D4658DA00CC1CA7 /* Ship+CoreDataProperties.swift */ = {isa = PBXFileReference; fileEncoding = 4; lastKnownFileType = sourcecode.swift; name = "Ship+CoreDataProperties.swift"; path = "../Ship+CoreDataProperties.swift"; sourceTree = "<group>"; };
		A7CEC6BC1D4658DB00CC1CA7 /* Ship.swift */ = {isa = PBXFileReference; fileEncoding = 4; lastKnownFileType = sourcecode.swift; name = Ship.swift; path = ../Ship.swift; sourceTree = "<group>"; };
/* End PBXFileReference section */

/* Begin PBXFrameworksBuildPhase section */
		4C45CA831D3A9A7F0030A41D /* Frameworks */ = {
			isa = PBXFrameworksBuildPhase;
			buildActionMask = 2147483647;
			files = (
			);
			runOnlyForDeploymentPostprocessing = 0;
		};
/* End PBXFrameworksBuildPhase section */

/* Begin PBXGroup section */
		1B885D9D1D3FE64B0029DFFC /* Resources */ = {
			isa = PBXGroup;
			children = (
				4C45CA931D3A9A7F0030A41D /* Assets.xcassets */,
				4C45CA951D3A9A7F0030A41D /* LaunchScreen.storyboard */,
				4C45CA981D3A9A7F0030A41D /* Info.plist */,
			);
			name = Resources;
			sourceTree = "<group>";
		};
		4C45CA7D1D3A9A7F0030A41D = {
			isa = PBXGroup;
			children = (
				4C45CA881D3A9A7F0030A41D /* swift-captain-morgans-relationships-lab */,
				4C45CA871D3A9A7F0030A41D /* Products */,
			);
			sourceTree = "<group>";
		};
		4C45CA871D3A9A7F0030A41D /* Products */ = {
			isa = PBXGroup;
			children = (
				4C45CA861D3A9A7F0030A41D /* swift-captain-morgans-relationships-lab.app */,
			);
			name = Products;
			sourceTree = "<group>";
		};
		4C45CA881D3A9A7F0030A41D /* swift-captain-morgans-relationships-lab */ = {
			isa = PBXGroup;
			children = (
				4C45CA891D3A9A7F0030A41D /* AppDelegate.swift */,
				A7CEC6B51D4654E800CC1CA7 /* DataStore.swift */,
				A7CEC6AF1D46515600CC1CA7 /* PiratesTableViewController.swift */,
				A7CEC6B11D46516A00CC1CA7 /* ShipsTableViewController.swift */,
				A7CEC6B31D46518500CC1CA7 /* ShipDetailViewController.swift */,
				A7CEC6B71D4658DA00CC1CA7 /* Pirate+CoreDataProperties.swift */,
				A7CEC6B81D4658DA00CC1CA7 /* Pirate.swift */,
				A7CEC6B91D4658DA00CC1CA7 /* Engine+CoreDataProperties.swift */,
				A7CEC6BA1D4658DA00CC1CA7 /* Engine.swift */,
				A7CEC6BB1D4658DA00CC1CA7 /* Ship+CoreDataProperties.swift */,
				A7CEC6BC1D4658DB00CC1CA7 /* Ship.swift */,
				4C45CA8D1D3A9A7F0030A41D /* Main.storyboard */,
				4C45CA901D3A9A7F0030A41D /* swift_captain_morgans_relationships_lab.xcdatamodeld */,
				1B885D9D1D3FE64B0029DFFC /* Resources */,
			);
			path = "swift-captain-morgans-relationships-lab";
			sourceTree = "<group>";
		};
/* End PBXGroup section */

/* Begin PBXNativeTarget section */
		4C45CA851D3A9A7F0030A41D /* swift-captain-morgans-relationships-lab */ = {
			isa = PBXNativeTarget;
			buildConfigurationList = 4C45CAB11D3A9A7F0030A41D /* Build configuration list for PBXNativeTarget "swift-captain-morgans-relationships-lab" */;
			buildPhases = (
				4C45CA821D3A9A7F0030A41D /* Sources */,
				4C45CA831D3A9A7F0030A41D /* Frameworks */,
				4C45CA841D3A9A7F0030A41D /* Resources */,
			);
			buildRules = (
			);
			dependencies = (
			);
			name = "swift-captain-morgans-relationships-lab";
			productName = "swift-captain-morgans-relationships-lab";
			productReference = 4C45CA861D3A9A7F0030A41D /* swift-captain-morgans-relationships-lab.app */;
			productType = "com.apple.product-type.application";
		};
/* End PBXNativeTarget section */

/* Begin PBXProject section */
		4C45CA7E1D3A9A7F0030A41D /* Project object */ = {
			isa = PBXProject;
			attributes = {
				LastSwiftUpdateCheck = 0730;
				LastUpgradeCheck = 0730;
				ORGANIZATIONNAME = "Flatiron School";
				TargetAttributes = {
					4C45CA851D3A9A7F0030A41D = {
						CreatedOnToolsVersion = 7.3.1;
						SystemCapabilities = {
							com.apple.BackgroundModes = {
								enabled = 0;
							};
						};
					};
				};
			};
			buildConfigurationList = 4C45CA811D3A9A7F0030A41D /* Build configuration list for PBXProject "swift-captain-morgans-relationships-lab" */;
			compatibilityVersion = "Xcode 3.2";
			developmentRegion = English;
			hasScannedForEncodings = 0;
			knownRegions = (
				en,
				Base,
			);
			mainGroup = 4C45CA7D1D3A9A7F0030A41D;
			productRefGroup = 4C45CA871D3A9A7F0030A41D /* Products */;
			projectDirPath = "";
			projectRoot = "";
			targets = (
				4C45CA851D3A9A7F0030A41D /* swift-captain-morgans-relationships-lab */,
			);
		};
/* End PBXProject section */

/* Begin PBXResourcesBuildPhase section */
		4C45CA841D3A9A7F0030A41D /* Resources */ = {
			isa = PBXResourcesBuildPhase;
			buildActionMask = 2147483647;
			files = (
				4C45CA971D3A9A7F0030A41D /* LaunchScreen.storyboard in Resources */,
				4C45CA941D3A9A7F0030A41D /* Assets.xcassets in Resources */,
				4C45CA8F1D3A9A7F0030A41D /* Main.storyboard in Resources */,
			);
			runOnlyForDeploymentPostprocessing = 0;
		};
/* End PBXResourcesBuildPhase section */

/* Begin PBXSourcesBuildPhase section */
		4C45CA821D3A9A7F0030A41D /* Sources */ = {
			isa = PBXSourcesBuildPhase;
			buildActionMask = 2147483647;
			files = (
				A7CEC6C11D4658DB00CC1CA7 /* Ship+CoreDataProperties.swift in Sources */,
				A7CEC6C21D4658DB00CC1CA7 /* Ship.swift in Sources */,
				A7CEC6B01D46515600CC1CA7 /* PiratesTableViewController.swift in Sources */,
				A7CEC6BD1D4658DB00CC1CA7 /* Pirate+CoreDataProperties.swift in Sources */,
				A7CEC6B61D4654E800CC1CA7 /* DataStore.swift in Sources */,
				4C45CA921D3A9A7F0030A41D /* swift_captain_morgans_relationships_lab.xcdatamodeld in Sources */,
				A7CEC6BE1D4658DB00CC1CA7 /* Pirate.swift in Sources */,
				4C45CA8A1D3A9A7F0030A41D /* AppDelegate.swift in Sources */,
				A7CEC6BF1D4658DB00CC1CA7 /* Engine+CoreDataProperties.swift in Sources */,
				A7CEC6B21D46516A00CC1CA7 /* ShipsTableViewController.swift in Sources */,
				A7CEC6B41D46518500CC1CA7 /* ShipDetailViewController.swift in Sources */,
				A7CEC6C01D4658DB00CC1CA7 /* Engine.swift in Sources */,
			);
			runOnlyForDeploymentPostprocessing = 0;
		};
/* End PBXSourcesBuildPhase section */

/* Begin PBXVariantGroup section */
		4C45CA8D1D3A9A7F0030A41D /* Main.storyboard */ = {
			isa = PBXVariantGroup;
			children = (
				4C45CA8E1D3A9A7F0030A41D /* Base */,
			);
			name = Main.storyboard;
			sourceTree = "<group>";
		};
		4C45CA951D3A9A7F0030A41D /* LaunchScreen.storyboard */ = {
			isa = PBXVariantGroup;
			children = (
				4C45CA961D3A9A7F0030A41D /* Base */,
			);
			name = LaunchScreen.storyboard;
			sourceTree = "<group>";
		};
/* End PBXVariantGroup section */

/* Begin XCBuildConfiguration section */
		4C45CAAF1D3A9A7F0030A41D /* Debug */ = {
			isa = XCBuildConfiguration;
			buildSettings = {
				ALWAYS_SEARCH_USER_PATHS = NO;
				CLANG_ANALYZER_NONNULL = YES;
				CLANG_CXX_LANGUAGE_STANDARD = "gnu++0x";
				CLANG_CXX_LIBRARY = "libc++";
				CLANG_ENABLE_MODULES = YES;
				CLANG_ENABLE_OBJC_ARC = YES;
				CLANG_WARN_BOOL_CONVERSION = YES;
				CLANG_WARN_CONSTANT_CONVERSION = YES;
				CLANG_WARN_DIRECT_OBJC_ISA_USAGE = YES_ERROR;
				CLANG_WARN_EMPTY_BODY = YES;
				CLANG_WARN_ENUM_CONVERSION = YES;
				CLANG_WARN_INT_CONVERSION = YES;
				CLANG_WARN_OBJC_ROOT_CLASS = YES_ERROR;
				CLANG_WARN_UNREACHABLE_CODE = YES;
				CLANG_WARN__DUPLICATE_METHOD_MATCH = YES;
				"CODE_SIGN_IDENTITY[sdk=iphoneos*]" = "iPhone Developer";
				COPY_PHASE_STRIP = NO;
				DEBUG_INFORMATION_FORMAT = dwarf;
				ENABLE_STRICT_OBJC_MSGSEND = YES;
				ENABLE_TESTABILITY = YES;
				GCC_C_LANGUAGE_STANDARD = gnu99;
				GCC_DYNAMIC_NO_PIC = NO;
				GCC_NO_COMMON_BLOCKS = YES;
				GCC_OPTIMIZATION_LEVEL = 0;
				GCC_PREPROCESSOR_DEFINITIONS = (
					"DEBUG=1",
					"$(inherited)",
				);
				GCC_WARN_64_TO_32_BIT_CONVERSION = YES;
				GCC_WARN_ABOUT_RETURN_TYPE = YES_ERROR;
				GCC_WARN_UNDECLARED_SELECTOR = YES;
				GCC_WARN_UNINITIALIZED_AUTOS = YES_AGGRESSIVE;
				GCC_WARN_UNUSED_FUNCTION = YES;
				GCC_WARN_UNUSED_VARIABLE = YES;
				IPHONEOS_DEPLOYMENT_TARGET = 9.3;
				MTL_ENABLE_DEBUG_INFO = YES;
				ONLY_ACTIVE_ARCH = YES;
				SDKROOT = iphoneos;
				SWIFT_OPTIMIZATION_LEVEL = "-Onone";
				TARGETED_DEVICE_FAMILY = "1,2";
			};
			name = Debug;
		};
		4C45CAB01D3A9A7F0030A41D /* Release */ = {
			isa = XCBuildConfiguration;
			buildSettings = {
				ALWAYS_SEARCH_USER_PATHS = NO;
				CLANG_ANALYZER_NONNULL = YES;
				CLANG_CXX_LANGUAGE_STANDARD = "gnu++0x";
				CLANG_CXX_LIBRARY = "libc++";
				CLANG_ENABLE_MODULES = YES;
				CLANG_ENABLE_OBJC_ARC = YES;
				CLANG_WARN_BOOL_CONVERSION = YES;
				CLANG_WARN_CONSTANT_CONVERSION = YES;
				CLANG_WARN_DIRECT_OBJC_ISA_USAGE = YES_ERROR;
				CLANG_WARN_EMPTY_BODY = YES;
				CLANG_WARN_ENUM_CONVERSION = YES;
				CLANG_WARN_INT_CONVERSION = YES;
				CLANG_WARN_OBJC_ROOT_CLASS = YES_ERROR;
				CLANG_WARN_UNREACHABLE_CODE = YES;
				CLANG_WARN__DUPLICATE_METHOD_MATCH = YES;
				"CODE_SIGN_IDENTITY[sdk=iphoneos*]" = "iPhone Developer";
				COPY_PHASE_STRIP = NO;
				DEBUG_INFORMATION_FORMAT = "dwarf-with-dsym";
				ENABLE_NS_ASSERTIONS = NO;
				ENABLE_STRICT_OBJC_MSGSEND = YES;
				GCC_C_LANGUAGE_STANDARD = gnu99;
				GCC_NO_COMMON_BLOCKS = YES;
				GCC_WARN_64_TO_32_BIT_CONVERSION = YES;
				GCC_WARN_ABOUT_RETURN_TYPE = YES_ERROR;
				GCC_WARN_UNDECLARED_SELECTOR = YES;
				GCC_WARN_UNINITIALIZED_AUTOS = YES_AGGRESSIVE;
				GCC_WARN_UNUSED_FUNCTION = YES;
				GCC_WARN_UNUSED_VARIABLE = YES;
				IPHONEOS_DEPLOYMENT_TARGET = 9.3;
				MTL_ENABLE_DEBUG_INFO = NO;
				SDKROOT = iphoneos;
				TARGETED_DEVICE_FAMILY = "1,2";
				VALIDATE_PRODUCT = YES;
			};
			name = Release;
		};
		4C45CAB21D3A9A7F0030A41D /* Debug */ = {
			isa = XCBuildConfiguration;
			buildSettings = {
				ASSETCATALOG_COMPILER_APPICON_NAME = AppIcon;
				INFOPLIST_FILE = "swift-captain-morgans-relationships-lab/Info.plist";
				LD_RUNPATH_SEARCH_PATHS = "$(inherited) @executable_path/Frameworks";
				PRODUCT_BUNDLE_IDENTIFIER = "com.FlatironSchool.swift-captain-morgans-relationships-lab";
				PRODUCT_NAME = "$(TARGET_NAME)";
			};
			name = Debug;
		};
		4C45CAB31D3A9A7F0030A41D /* Release */ = {
			isa = XCBuildConfiguration;
			buildSettings = {
				ASSETCATALOG_COMPILER_APPICON_NAME = AppIcon;
				INFOPLIST_FILE = "swift-captain-morgans-relationships-lab/Info.plist";
				LD_RUNPATH_SEARCH_PATHS = "$(inherited) @executable_path/Frameworks";
				PRODUCT_BUNDLE_IDENTIFIER = "com.FlatironSchool.swift-captain-morgans-relationships-lab";
				PRODUCT_NAME = "$(TARGET_NAME)";
			};
			name = Release;
		};
/* End XCBuildConfiguration section */

/* Begin XCConfigurationList section */
		4C45CA811D3A9A7F0030A41D /* Build configuration list for PBXProject "swift-captain-morgans-relationships-lab" */ = {
			isa = XCConfigurationList;
			buildConfigurations = (
				4C45CAAF1D3A9A7F0030A41D /* Debug */,
				4C45CAB01D3A9A7F0030A41D /* Release */,
			);
			defaultConfigurationIsVisible = 0;
			defaultConfigurationName = Release;
		};
		4C45CAB11D3A9A7F0030A41D /* Build configuration list for PBXNativeTarget "swift-captain-morgans-relationships-lab" */ = {
			isa = XCConfigurationList;
			buildConfigurations = (
				4C45CAB21D3A9A7F0030A41D /* Debug */,
				4C45CAB31D3A9A7F0030A41D /* Release */,
			);
			defaultConfigurationIsVisible = 0;
			defaultConfigurationName = Release;
		};
/* End XCConfigurationList section */

/* Begin XCVersionGroup section */
		4C45CA901D3A9A7F0030A41D /* swift_captain_morgans_relationships_lab.xcdatamodeld */ = {
			isa = XCVersionGroup;
			children = (
				4C45CA911D3A9A7F0030A41D /* swift_captain_morgans_relationships_lab.xcdatamodel */,
			);
			currentVersion = 4C45CA911D3A9A7F0030A41D /* swift_captain_morgans_relationships_lab.xcdatamodel */;
			path = swift_captain_morgans_relationships_lab.xcdatamodeld;
			sourceTree = "<group>";
			versionGroupType = wrapper.xcdatamodel;
		};
/* End XCVersionGroup section */
	};
	rootObject = 4C45CA7E1D3A9A7F0030A41D /* Project object */;
}
